// !$*UTF8*$!
{
	archiveVersion = 1;
	classes = {
	};
	objectVersion = 50;
	objects = {

/* Begin PBXBuildFile section */
		B211A4FE232D7E6900485C1B /* WaveView.swift in Sources */ = {isa = PBXBuildFile; fileRef = B211A4FD232D7E6900485C1B /* WaveView.swift */; };
		B211A501232D7F2D00485C1B /* SiriWave.swift in Sources */ = {isa = PBXBuildFile; fileRef = B211A500232D7F2D00485C1B /* SiriWave.swift */; };
		B211A503232D860E00485C1B /* SiriWaveView.swift in Sources */ = {isa = PBXBuildFile; fileRef = B211A502232D860E00485C1B /* SiriWaveView.swift */; };
		B211A505232D898300485C1B /* SupportLine.swift in Sources */ = {isa = PBXBuildFile; fileRef = B211A504232D898200485C1B /* SupportLine.swift */; };
		B211A507232DCD2100485C1B /* README.md in Resources */ = {isa = PBXBuildFile; fileRef = B211A506232DCD2100485C1B /* README.md */; };
		B211A509232DCD3400485C1B /* LICENSE in Resources */ = {isa = PBXBuildFile; fileRef = B211A508232DCD3400485C1B /* LICENSE */; };
		B253B18F232C45C000DE1A7C /* AppDelegate.swift in Sources */ = {isa = PBXBuildFile; fileRef = B253B18E232C45C000DE1A7C /* AppDelegate.swift */; };
		B253B191232C45C000DE1A7C /* SceneDelegate.swift in Sources */ = {isa = PBXBuildFile; fileRef = B253B190232C45C000DE1A7C /* SceneDelegate.swift */; };
		B253B193232C45C000DE1A7C /* ContentView.swift in Sources */ = {isa = PBXBuildFile; fileRef = B253B192232C45C000DE1A7C /* ContentView.swift */; };
		B253B195232C45C100DE1A7C /* Assets.xcassets in Resources */ = {isa = PBXBuildFile; fileRef = B253B194232C45C100DE1A7C /* Assets.xcassets */; };
		B253B198232C45C100DE1A7C /* Preview Assets.xcassets in Resources */ = {isa = PBXBuildFile; fileRef = B253B197232C45C100DE1A7C /* Preview Assets.xcassets */; };
		B253B19B232C45C100DE1A7C /* LaunchScreen.storyboard in Resources */ = {isa = PBXBuildFile; fileRef = B253B199232C45C100DE1A7C /* LaunchScreen.storyboard */; };
/* End PBXBuildFile section */

/* Begin PBXFileReference section */
		B211A4FD232D7E6900485C1B /* WaveView.swift */ = {isa = PBXFileReference; lastKnownFileType = sourcecode.swift; path = WaveView.swift; sourceTree = "<group>"; };
		B211A500232D7F2D00485C1B /* SiriWave.swift */ = {isa = PBXFileReference; lastKnownFileType = sourcecode.swift; path = SiriWave.swift; sourceTree = "<group>"; };
		B211A502232D860E00485C1B /* SiriWaveView.swift */ = {isa = PBXFileReference; lastKnownFileType = sourcecode.swift; path = SiriWaveView.swift; sourceTree = "<group>"; };
		B211A504232D898200485C1B /* SupportLine.swift */ = {isa = PBXFileReference; lastKnownFileType = sourcecode.swift; path = SupportLine.swift; sourceTree = "<group>"; };
		B211A506232DCD2100485C1B /* README.md */ = {isa = PBXFileReference; fileEncoding = 4; lastKnownFileType = net.daringfireball.markdown; path = README.md; sourceTree = "<group>"; };
		B211A508232DCD3400485C1B /* LICENSE */ = {isa = PBXFileReference; fileEncoding = 4; lastKnownFileType = text; path = LICENSE; sourceTree = "<group>"; };
		B253B18B232C45C000DE1A7C /* SwiftUI-SiriWaveView.app */ = {isa = PBXFileReference; explicitFileType = wrapper.application; includeInIndex = 0; path = "SwiftUI-SiriWaveView.app"; sourceTree = BUILT_PRODUCTS_DIR; };
		B253B18E232C45C000DE1A7C /* AppDelegate.swift */ = {isa = PBXFileReference; lastKnownFileType = sourcecode.swift; path = AppDelegate.swift; sourceTree = "<group>"; };
		B253B190232C45C000DE1A7C /* SceneDelegate.swift */ = {isa = PBXFileReference; lastKnownFileType = sourcecode.swift; path = SceneDelegate.swift; sourceTree = "<group>"; };
		B253B192232C45C000DE1A7C /* ContentView.swift */ = {isa = PBXFileReference; lastKnownFileType = sourcecode.swift; path = ContentView.swift; sourceTree = "<group>"; };
		B253B194232C45C100DE1A7C /* Assets.xcassets */ = {isa = PBXFileReference; lastKnownFileType = folder.assetcatalog; path = Assets.xcassets; sourceTree = "<group>"; };
		B253B197232C45C100DE1A7C /* Preview Assets.xcassets */ = {isa = PBXFileReference; lastKnownFileType = folder.assetcatalog; path = "Preview Assets.xcassets"; sourceTree = "<group>"; };
		B253B19A232C45C100DE1A7C /* Base */ = {isa = PBXFileReference; lastKnownFileType = file.storyboard; name = Base; path = Base.lproj/LaunchScreen.storyboard; sourceTree = "<group>"; };
		B253B19C232C45C100DE1A7C /* Info.plist */ = {isa = PBXFileReference; lastKnownFileType = text.plist.xml; path = Info.plist; sourceTree = "<group>"; };
/* End PBXFileReference section */

/* Begin PBXFrameworksBuildPhase section */
		B253B188232C45C000DE1A7C /* Frameworks */ = {
			isa = PBXFrameworksBuildPhase;
			buildActionMask = 2147483647;
			files = (
			);
			runOnlyForDeploymentPostprocessing = 0;
		};
/* End PBXFrameworksBuildPhase section */

/* Begin PBXGroup section */
		B211A4FB232D7E4900485C1B /* SiriWaveView */ = {
			isa = PBXGroup;
			children = (
				B211A4FF232D7EB700485C1B /* Models */,
				B211A4FC232D7E5800485C1B /* Views */,
			);
			path = SiriWaveView;
			sourceTree = "<group>";
		};
		B211A4FC232D7E5800485C1B /* Views */ = {
			isa = PBXGroup;
			children = (
				B211A4FD232D7E6900485C1B /* WaveView.swift */,
				B211A502232D860E00485C1B /* SiriWaveView.swift */,
				B211A504232D898200485C1B /* SupportLine.swift */,
			);
			path = Views;
			sourceTree = "<group>";
		};
		B211A4FF232D7EB700485C1B /* Models */ = {
			isa = PBXGroup;
			children = (
				B211A500232D7F2D00485C1B /* SiriWave.swift */,
			);
			path = Models;
			sourceTree = "<group>";
		};
		B253B182232C45C000DE1A7C = {
			isa = PBXGroup;
			children = (
				B211A506232DCD2100485C1B /* README.md */,
				B253B18D232C45C000DE1A7C /* SwiftUI-SiriWaveView */,
				B253B18C232C45C000DE1A7C /* Products */,
				B211A508232DCD3400485C1B /* LICENSE */,
			);
			sourceTree = "<group>";
		};
		B253B18C232C45C000DE1A7C /* Products */ = {
			isa = PBXGroup;
			children = (
				B253B18B232C45C000DE1A7C /* SwiftUI-SiriWaveView.app */,
			);
			name = Products;
			sourceTree = "<group>";
		};
		B253B18D232C45C000DE1A7C /* SwiftUI-SiriWaveView */ = {
			isa = PBXGroup;
			children = (
				B211A4FB232D7E4900485C1B /* SiriWaveView */,
				B253B18E232C45C000DE1A7C /* AppDelegate.swift */,
				B253B190232C45C000DE1A7C /* SceneDelegate.swift */,
				B253B192232C45C000DE1A7C /* ContentView.swift */,
				B253B194232C45C100DE1A7C /* Assets.xcassets */,
				B253B199232C45C100DE1A7C /* LaunchScreen.storyboard */,
				B253B19C232C45C100DE1A7C /* Info.plist */,
				B253B196232C45C100DE1A7C /* Preview Content */,
			);
			path = "SwiftUI-SiriWaveView";
			sourceTree = "<group>";
		};
		B253B196232C45C100DE1A7C /* Preview Content */ = {
			isa = PBXGroup;
			children = (
				B253B197232C45C100DE1A7C /* Preview Assets.xcassets */,
			);
			path = "Preview Content";
			sourceTree = "<group>";
		};
/* End PBXGroup section */

/* Begin PBXNativeTarget section */
		B253B18A232C45C000DE1A7C /* SwiftUI-SiriWaveView */ = {
			isa = PBXNativeTarget;
			buildConfigurationList = B253B1B5232C45C100DE1A7C /* Build configuration list for PBXNativeTarget "SwiftUI-SiriWaveView" */;
			buildPhases = (
				B253B187232C45C000DE1A7C /* Sources */,
				B253B188232C45C000DE1A7C /* Frameworks */,
				B253B189232C45C000DE1A7C /* Resources */,
			);
			buildRules = (
			);
			dependencies = (
			);
			name = "SwiftUI-SiriWaveView";
			productName = "SwiftUI-SiriWaveView";
			productReference = B253B18B232C45C000DE1A7C /* SwiftUI-SiriWaveView.app */;
			productType = "com.apple.product-type.application";
		};
/* End PBXNativeTarget section */

/* Begin PBXProject section */
		B253B183232C45C000DE1A7C /* Project object */ = {
			isa = PBXProject;
			attributes = {
				LastSwiftUpdateCheck = 1100;
				LastUpgradeCheck = 1100;
				ORGANIZATIONNAME = "Noah Chalifour";
				TargetAttributes = {
					B253B18A232C45C000DE1A7C = {
						CreatedOnToolsVersion = 11.0;
					};
				};
			};
			buildConfigurationList = B253B186232C45C000DE1A7C /* Build configuration list for PBXProject "SwiftUI-SiriWaveView" */;
			compatibilityVersion = "Xcode 9.3";
			developmentRegion = en;
			hasScannedForEncodings = 0;
			knownRegions = (
				en,
				Base,
			);
			mainGroup = B253B182232C45C000DE1A7C;
			productRefGroup = B253B18C232C45C000DE1A7C /* Products */;
			projectDirPath = "";
			projectRoot = "";
			targets = (
				B253B18A232C45C000DE1A7C /* SwiftUI-SiriWaveView */,
			);
		};
/* End PBXProject section */

/* Begin PBXResourcesBuildPhase section */
		B253B189232C45C000DE1A7C /* Resources */ = {
			isa = PBXResourcesBuildPhase;
			buildActionMask = 2147483647;
			files = (
				B253B19B232C45C100DE1A7C /* LaunchScreen.storyboard in Resources */,
				B253B198232C45C100DE1A7C /* Preview Assets.xcassets in Resources */,
				B211A507232DCD2100485C1B /* README.md in Resources */,
				B253B195232C45C100DE1A7C /* Assets.xcassets in Resources */,
				B211A509232DCD3400485C1B /* LICENSE in Resources */,
			);
			runOnlyForDeploymentPostprocessing = 0;
		};
/* End PBXResourcesBuildPhase section */

/* Begin PBXSourcesBuildPhase section */
		B253B187232C45C000DE1A7C /* Sources */ = {
			isa = PBXSourcesBuildPhase;
			buildActionMask = 2147483647;
			files = (
				B253B18F232C45C000DE1A7C /* AppDelegate.swift in Sources */,
				B211A505232D898300485C1B /* SupportLine.swift in Sources */,
				B211A503232D860E00485C1B /* SiriWaveView.swift in Sources */,
				B211A4FE232D7E6900485C1B /* WaveView.swift in Sources */,
				B253B191232C45C000DE1A7C /* SceneDelegate.swift in Sources */,
				B253B193232C45C000DE1A7C /* ContentView.swift in Sources */,
				B211A501232D7F2D00485C1B /* SiriWave.swift in Sources */,
			);
			runOnlyForDeploymentPostprocessing = 0;
		};
/* End PBXSourcesBuildPhase section */

/* Begin PBXVariantGroup section */
		B253B199232C45C100DE1A7C /* LaunchScreen.storyboard */ = {
			isa = PBXVariantGroup;
			children = (
				B253B19A232C45C100DE1A7C /* Base */,
			);
			name = LaunchScreen.storyboard;
			sourceTree = "<group>";
		};
/* End PBXVariantGroup section */

/* Begin XCBuildConfiguration section */
		B253B1B3232C45C100DE1A7C /* Debug */ = {
			isa = XCBuildConfiguration;
			buildSettings = {
				ALWAYS_SEARCH_USER_PATHS = NO;
				CLANG_ANALYZER_NONNULL = YES;
				CLANG_ANALYZER_NUMBER_OBJECT_CONVERSION = YES_AGGRESSIVE;
				CLANG_CXX_LANGUAGE_STANDARD = "gnu++14";
				CLANG_CXX_LIBRARY = "libc++";
				CLANG_ENABLE_MODULES = YES;
				CLANG_ENABLE_OBJC_ARC = YES;
				CLANG_ENABLE_OBJC_WEAK = YES;
				CLANG_WARN_BLOCK_CAPTURE_AUTORELEASING = YES;
				CLANG_WARN_BOOL_CONVERSION = YES;
				CLANG_WARN_COMMA = YES;
				CLANG_WARN_CONSTANT_CONVERSION = YES;
				CLANG_WARN_DEPRECATED_OBJC_IMPLEMENTATIONS = YES;
				CLANG_WARN_DIRECT_OBJC_ISA_USAGE = YES_ERROR;
				CLANG_WARN_DOCUMENTATION_COMMENTS = YES;
				CLANG_WARN_EMPTY_BODY = YES;
				CLANG_WARN_ENUM_CONVERSION = YES;
				CLANG_WARN_INFINITE_RECURSION = YES;
				CLANG_WARN_INT_CONVERSION = YES;
				CLANG_WARN_NON_LITERAL_NULL_CONVERSION = YES;
				CLANG_WARN_OBJC_IMPLICIT_RETAIN_SELF = YES;
				CLANG_WARN_OBJC_LITERAL_CONVERSION = YES;
				CLANG_WARN_OBJC_ROOT_CLASS = YES_ERROR;
				CLANG_WARN_RANGE_LOOP_ANALYSIS = YES;
				CLANG_WARN_STRICT_PROTOTYPES = YES;
				CLANG_WARN_SUSPICIOUS_MOVE = YES;
				CLANG_WARN_UNGUARDED_AVAILABILITY = YES_AGGRESSIVE;
				CLANG_WARN_UNREACHABLE_CODE = YES;
				CLANG_WARN__DUPLICATE_METHOD_MATCH = YES;
				COPY_PHASE_STRIP = NO;
				DEBUG_INFORMATION_FORMAT = dwarf;
				ENABLE_STRICT_OBJC_MSGSEND = YES;
				ENABLE_TESTABILITY = YES;
				GCC_C_LANGUAGE_STANDARD = gnu11;
				GCC_DYNAMIC_NO_PIC = NO;
				GCC_NO_COMMON_BLOCKS = YES;
				GCC_OPTIMIZATION_LEVEL = 0;
				GCC_PREPROCESSOR_DEFINITIONS = (
					"DEBUG=1",
					"$(inherited)",
				);
				GCC_WARN_64_TO_32_BIT_CONVERSION = YES;
				GCC_WARN_ABOUT_RETURN_TYPE = YES_ERROR;
				GCC_WARN_UNDECLARED_SELECTOR = YES;
				GCC_WARN_UNINITIALIZED_AUTOS = YES_AGGRESSIVE;
				GCC_WARN_UNUSED_FUNCTION = YES;
				GCC_WARN_UNUSED_VARIABLE = YES;
				IPHONEOS_DEPLOYMENT_TARGET = 13.0;
				MTL_ENABLE_DEBUG_INFO = INCLUDE_SOURCE;
				MTL_FAST_MATH = YES;
				ONLY_ACTIVE_ARCH = YES;
				SDKROOT = iphoneos;
				SWIFT_ACTIVE_COMPILATION_CONDITIONS = DEBUG;
				SWIFT_OPTIMIZATION_LEVEL = "-Onone";
			};
			name = Debug;
		};
		B253B1B4232C45C100DE1A7C /* Release */ = {
			isa = XCBuildConfiguration;
			buildSettings = {
				ALWAYS_SEARCH_USER_PATHS = NO;
				CLANG_ANALYZER_NONNULL = YES;
				CLANG_ANALYZER_NUMBER_OBJECT_CONVERSION = YES_AGGRESSIVE;
				CLANG_CXX_LANGUAGE_STANDARD = "gnu++14";
				CLANG_CXX_LIBRARY = "libc++";
				CLANG_ENABLE_MODULES = YES;
				CLANG_ENABLE_OBJC_ARC = YES;
				CLANG_ENABLE_OBJC_WEAK = YES;
				CLANG_WARN_BLOCK_CAPTURE_AUTORELEASING = YES;
				CLANG_WARN_BOOL_CONVERSION = YES;
				CLANG_WARN_COMMA = YES;
				CLANG_WARN_CONSTANT_CONVERSION = YES;
				CLANG_WARN_DEPRECATED_OBJC_IMPLEMENTATIONS = YES;
				CLANG_WARN_DIRECT_OBJC_ISA_USAGE = YES_ERROR;
				CLANG_WARN_DOCUMENTATION_COMMENTS = YES;
				CLANG_WARN_EMPTY_BODY = YES;
				CLANG_WARN_ENUM_CONVERSION = YES;
				CLANG_WARN_INFINITE_RECURSION = YES;
				CLANG_WARN_INT_CONVERSION = YES;
				CLANG_WARN_NON_LITERAL_NULL_CONVERSION = YES;
				CLANG_WARN_OBJC_IMPLICIT_RETAIN_SELF = YES;
				CLANG_WARN_OBJC_LITERAL_CONVERSION = YES;
				CLANG_WARN_OBJC_ROOT_CLASS = YES_ERROR;
				CLANG_WARN_RANGE_LOOP_ANALYSIS = YES;
				CLANG_WARN_STRICT_PROTOTYPES = YES;
				CLANG_WARN_SUSPICIOUS_MOVE = YES;
				CLANG_WARN_UNGUARDED_AVAILABILITY = YES_AGGRESSIVE;
				CLANG_WARN_UNREACHABLE_CODE = YES;
				CLANG_WARN__DUPLICATE_METHOD_MATCH = YES;
				COPY_PHASE_STRIP = NO;
				DEBUG_INFORMATION_FORMAT = "dwarf-with-dsym";
				ENABLE_NS_ASSERTIONS = NO;
				ENABLE_STRICT_OBJC_MSGSEND = YES;
				GCC_C_LANGUAGE_STANDARD = gnu11;
				GCC_NO_COMMON_BLOCKS = YES;
				GCC_WARN_64_TO_32_BIT_CONVERSION = YES;
				GCC_WARN_ABOUT_RETURN_TYPE = YES_ERROR;
				GCC_WARN_UNDECLARED_SELECTOR = YES;
				GCC_WARN_UNINITIALIZED_AUTOS = YES_AGGRESSIVE;
				GCC_WARN_UNUSED_FUNCTION = YES;
				GCC_WARN_UNUSED_VARIABLE = YES;
				IPHONEOS_DEPLOYMENT_TARGET = 13.0;
				MTL_ENABLE_DEBUG_INFO = NO;
				MTL_FAST_MATH = YES;
				SDKROOT = iphoneos;
				SWIFT_COMPILATION_MODE = wholemodule;
				SWIFT_OPTIMIZATION_LEVEL = "-O";
				VALIDATE_PRODUCT = YES;
			};
			name = Release;
		};
		B253B1B6232C45C100DE1A7C /* Debug */ = {
			isa = XCBuildConfiguration;
			buildSettings = {
				ASSETCATALOG_COMPILER_APPICON_NAME = AppIcon;
				CODE_SIGN_STYLE = Automatic;
				DEVELOPMENT_ASSET_PATHS = "\"SwiftUI-SiriWaveView/Preview Content\"";
				DEVELOPMENT_TEAM = YDYFK9U9R9;
				ENABLE_PREVIEWS = YES;
				INFOPLIST_FILE = "SwiftUI-SiriWaveView/Info.plist";
				LD_RUNPATH_SEARCH_PATHS = (
					"$(inherited)",
					"@executable_path/Frameworks",
				);
				PRODUCT_BUNDLE_IDENTIFIER = "com.noahchalifour.SwiftUI-SiriWaveView";
				PRODUCT_NAME = "$(TARGET_NAME)";
				SWIFT_VERSION = 5.0;
				TARGETED_DEVICE_FAMILY = "1,2";
			};
			name = Debug;
		};
		B253B1B7232C45C100DE1A7C /* Release */ = {
			isa = XCBuildConfiguration;
			buildSettings = {
				ASSETCATALOG_COMPILER_APPICON_NAME = AppIcon;
				CODE_SIGN_STYLE = Automatic;
				DEVELOPMENT_ASSET_PATHS = "\"SwiftUI-SiriWaveView/Preview Content\"";
				DEVELOPMENT_TEAM = YDYFK9U9R9;
				ENABLE_PREVIEWS = YES;
				INFOPLIST_FILE = "SwiftUI-SiriWaveView/Info.plist";
				LD_RUNPATH_SEARCH_PATHS = (
					"$(inherited)",
					"@executable_path/Frameworks",
				);
				PRODUCT_BUNDLE_IDENTIFIER = "com.noahchalifour.SwiftUI-SiriWaveView";
				PRODUCT_NAME = "$(TARGET_NAME)";
				SWIFT_VERSION = 5.0;
				TARGETED_DEVICE_FAMILY = "1,2";
			};
			name = Release;
		};
/* End XCBuildConfiguration section */

/* Begin XCConfigurationList section */
		B253B186232C45C000DE1A7C /* Build configuration list for PBXProject "SwiftUI-SiriWaveView" */ = {
			isa = XCConfigurationList;
			buildConfigurations = (
				B253B1B3232C45C100DE1A7C /* Debug */,
				B253B1B4232C45C100DE1A7C /* Release */,
			);
			defaultConfigurationIsVisible = 0;
			defaultConfigurationName = Release;
		};
		B253B1B5232C45C100DE1A7C /* Build configuration list for PBXNativeTarget "SwiftUI-SiriWaveView" */ = {
			isa = XCConfigurationList;
			buildConfigurations = (
				B253B1B6232C45C100DE1A7C /* Debug */,
				B253B1B7232C45C100DE1A7C /* Release */,
			);
			defaultConfigurationIsVisible = 0;
			defaultConfigurationName = Release;
		};
/* End XCConfigurationList section */
	};
	rootObject = B253B183232C45C000DE1A7C /* Project object */;
}
